
Microsoft Visual Studio Solution File, Format Version 10.00
# Visual Studio 2008
Project("{8BC9CEB8-8B4A-11D0-8D11-00A0C91BC942}") = "CALENDAR", "CALENDAR\CALENDAR.vcproj", "{EA951A44-8398-48C2-9B10-127CB4ED8130}"
EndProject
Global
	GlobalSection(SolutionConfigurationPlatforms) = preSolution
		Debug|Win32 = Debug|Win32
		Release|Win32 = Release|Win32
	EndGlobalSection
	GlobalSection(ProjectConfigurationPlatforms) = postSolution
		{EA951A44-8398-48C2-9B10-127CB4ED8130}.Debug|Win32.ActiveCfg = Debug|Win32
		{EA951A44-8398-48C2-9B10-127CB4ED8130}.Debug|Win32.Build.0 = Debug|Win32
		{EA951A44-8398-48C2-9B10-127CB4ED8130}.Release|Win32.ActiveCfg = Release|Win32
		{EA951A44-8398-48C2-9B10-127CB4ED8130}.Release|Win32.Build.0 = Release|Win32
	EndGlobalSection
	GlobalSection(SolutionProperties) = preSolution
		HideSolutionNode = FALSE
	EndGlobalSection
EndGlobal
